
Microsoft Visual Studio Solution File, Format Version 12.00
# Visual Studio Version 17
VisualStudioVersion = 17.14.36414.22
MinimumVisualStudioVersion = 10.0.40219.1
Project("{FAE04EC0-301F-11D3-BF4B-00C04F79EFBC}") = "jewllery keep", "jewllery keep.csproj", "{1DD14078-B211-4C18-99D1-3F0F2D4B471D}"
EndProject
Global
	GlobalSection(SolutionConfigurationPlatforms) = preSolution
		Debug|Any CPU = Debug|Any CPU
		Release|Any CPU = Release|Any CPU
	EndGlobalSection
	GlobalSection(ProjectConfigurationPlatforms) = postSolution
		{1DD14078-B211-4C18-99D1-3F0F2D4B471D}.Debug|Any CPU.ActiveCfg = Debug|Any CPU
		{1DD14078-B211-4C18-99D1-3F0F2D4B471D}.Debug|Any CPU.Build.0 = Debug|Any CPU
		{1DD14078-B211-4C18-99D1-3F0F2D4B471D}.Release|Any CPU.ActiveCfg = Release|Any CPU
		{1DD14078-B211-4C18-99D1-3F0F2D4B471D}.Release|Any CPU.Build.0 = Release|Any CPU
	EndGlobalSection
	GlobalSection(SolutionProperties) = preSolution
		HideSolutionNode = FALSE
	EndGlobalSection
	GlobalSection(ExtensibilityGlobals) = postSolution
		SolutionGuid = {E8A40017-CDE8-4F52-9855-276FC80A444F}
	EndGlobalSection
EndGlobal
